
Microsoft Visual Studio Solution File, Format Version 12.00
# Visual Studio Version 17
VisualStudioVersion = 17.13.35828.75 d17.13
MinimumVisualStudioVersion = 10.0.40219.1
Project("{FAE04EC0-301F-11D3-BF4B-00C04F79EFBC}") = "Learning_Day_12", "Learning_Day_12.csproj", "{CB7C80F1-0134-4FCD-BCB5-F90CE31CD48C}"
EndProject
Global
	GlobalSection(SolutionConfigurationPlatforms) = preSolution
		Debug|Any CPU = Debug|Any CPU
		Release|Any CPU = Release|Any CPU
	EndGlobalSection
	GlobalSection(ProjectConfigurationPlatforms) = postSolution
		{CB7C80F1-0134-4FCD-BCB5-F90CE31CD48C}.Debug|Any CPU.ActiveCfg = Debug|Any CPU
		{CB7C80F1-0134-4FCD-BCB5-F90CE31CD48C}.Debug|Any CPU.Build.0 = Debug|Any CPU
		{CB7C80F1-0134-4FCD-BCB5-F90CE31CD48C}.Release|Any CPU.ActiveCfg = Release|Any CPU
		{CB7C80F1-0134-4FCD-BCB5-F90CE31CD48C}.Release|Any CPU.Build.0 = Release|Any CPU
	EndGlobalSection
	GlobalSection(SolutionProperties) = preSolution
		HideSolutionNode = FALSE
	EndGlobalSection
	GlobalSection(ExtensibilityGlobals) = postSolution
		SolutionGuid = {212C4D85-7216-49A3-B0F6-49424CB59718}
	EndGlobalSection
EndGlobal
